
Microsoft Visual Studio Solution File, Format Version 12.00
# Visual Studio 15
VisualStudioVersion = 15.0.28307.539
MinimumVisualStudioVersion = 10.0.40219.1
Project("{FAE04EC0-301F-11D3-BF4B-00C04F79EFBC}") = "helloworldc", "helloworldc\helloworldc.csproj", "{0365D6F3-FC85-4B12-B3BF-F54EE6E90FC4}"
EndProject
Global
	GlobalSection(SolutionConfigurationPlatforms) = preSolution
		Debug|Any CPU = Debug|Any CPU
		Release|Any CPU = Release|Any CPU
	EndGlobalSection
	GlobalSection(ProjectConfigurationPlatforms) = postSolution
		{0365D6F3-FC85-4B12-B3BF-F54EE6E90FC4}.Debug|Any CPU.ActiveCfg = Debug|Any CPU
		{0365D6F3-FC85-4B12-B3BF-F54EE6E90FC4}.Debug|Any CPU.Build.0 = Debug|Any CPU
		{0365D6F3-FC85-4B12-B3BF-F54EE6E90FC4}.Release|Any CPU.ActiveCfg = Release|Any CPU
		{0365D6F3-FC85-4B12-B3BF-F54EE6E90FC4}.Release|Any CPU.Build.0 = Release|Any CPU
	EndGlobalSection
	GlobalSection(SolutionProperties) = preSolution
		HideSolutionNode = FALSE
	EndGlobalSection
	GlobalSection(ExtensibilityGlobals) = postSolution
		SolutionGuid = {C64A33FA-2234-44EA-B571-53B57166BDFA}
	EndGlobalSection
EndGlobal
